
Microsoft Visual Studio Solution File, Format Version 12.00
# Visual Studio 15
VisualStudioVersion = 15.0.28307.645
MinimumVisualStudioVersion = 10.0.40219.1
Project("{FAE04EC0-301F-11D3-BF4B-00C04F79EFBC}") = "NewsPortal", "NewsPortal\NewsPortal.csproj", "{2B8D9F22-8B8F-4469-A073-FFF79CFC7D69}"
EndProject
Global
	GlobalSection(SolutionConfigurationPlatforms) = preSolution
		Debug|Any CPU = Debug|Any CPU
		Release|Any CPU = Release|Any CPU
	EndGlobalSection
	GlobalSection(ProjectConfigurationPlatforms) = postSolution
		{2B8D9F22-8B8F-4469-A073-FFF79CFC7D69}.Debug|Any CPU.ActiveCfg = Debug|Any CPU
		{2B8D9F22-8B8F-4469-A073-FFF79CFC7D69}.Debug|Any CPU.Build.0 = Debug|Any CPU
		{2B8D9F22-8B8F-4469-A073-FFF79CFC7D69}.Release|Any CPU.ActiveCfg = Release|Any CPU
		{2B8D9F22-8B8F-4469-A073-FFF79CFC7D69}.Release|Any CPU.Build.0 = Release|Any CPU
	EndGlobalSection
	GlobalSection(SolutionProperties) = preSolution
		HideSolutionNode = FALSE
	EndGlobalSection
	GlobalSection(ExtensibilityGlobals) = postSolution
		SolutionGuid = {EE61C86D-0723-4058-875A-2AC4DDF906A9}
	EndGlobalSection
EndGlobal
